
Microsoft Visual Studio Solution File, Format Version 12.00
# Visual Studio Version 16
VisualStudioVersion = 16.0.30204.135
MinimumVisualStudioVersion = 10.0.40219.1
Project("{FAE04EC0-301F-11D3-BF4B-00C04F79EFBC}") = "ZeroSys", "ZeroSys\ZeroSys.csproj", "{21699519-5121-48DF-BEE2-1C10537E987B}"
EndProject
Project("{9A19103F-16F7-4668-BE54-9A1E7A4F7556}") = "ZeroSysTestsCore", "ZeroSysTests\ZeroSysTestsCore.csproj", "{A6B752B7-26EF-4548-A1D4-1482A62C5FA1}"
EndProject
Project("{FAE04EC0-301F-11D3-BF4B-00C04F79EFBC}") = "ZeroSysTestsFramework", "ZeroSysTestsFramework\ZeroSysTestsFramework.csproj", "{5D99BB02-BAC5-4739-B174-B0158FBE6314}"
EndProject
Project("{FAE04EC0-301F-11D3-BF4B-00C04F79EFBC}") = "ZeroSysTestsWPF", "ZeroSysTestsWPF\ZeroSysTestsWPF.csproj", "{0C0CA8EA-1A78-493E-860E-CD771B82F95B}"
EndProject
Global
	GlobalSection(SolutionConfigurationPlatforms) = preSolution
		Debug|Any CPU = Debug|Any CPU
		Debug|x64 = Debug|x64
		Release|Any CPU = Release|Any CPU
		Release|x64 = Release|x64
	EndGlobalSection
	GlobalSection(ProjectConfigurationPlatforms) = postSolution
		{21699519-5121-48DF-BEE2-1C10537E987B}.Debug|Any CPU.ActiveCfg = Debug|Any CPU
		{21699519-5121-48DF-BEE2-1C10537E987B}.Debug|Any CPU.Build.0 = Debug|Any CPU
		{21699519-5121-48DF-BEE2-1C10537E987B}.Debug|x64.ActiveCfg = Debug|x64
		{21699519-5121-48DF-BEE2-1C10537E987B}.Debug|x64.Build.0 = Debug|x64
		{21699519-5121-48DF-BEE2-1C10537E987B}.Release|Any CPU.ActiveCfg = Release|Any CPU
		{21699519-5121-48DF-BEE2-1C10537E987B}.Release|Any CPU.Build.0 = Release|Any CPU
		{21699519-5121-48DF-BEE2-1C10537E987B}.Release|x64.ActiveCfg = Release|x64
		{21699519-5121-48DF-BEE2-1C10537E987B}.Release|x64.Build.0 = Release|x64
		{A6B752B7-26EF-4548-A1D4-1482A62C5FA1}.Debug|Any CPU.ActiveCfg = Debug|Any CPU
		{A6B752B7-26EF-4548-A1D4-1482A62C5FA1}.Debug|Any CPU.Build.0 = Debug|Any CPU
		{A6B752B7-26EF-4548-A1D4-1482A62C5FA1}.Debug|x64.ActiveCfg = Debug|Any CPU
		{A6B752B7-26EF-4548-A1D4-1482A62C5FA1}.Debug|x64.Build.0 = Debug|Any CPU
		{A6B752B7-26EF-4548-A1D4-1482A62C5FA1}.Release|Any CPU.ActiveCfg = Release|Any CPU
		{A6B752B7-26EF-4548-A1D4-1482A62C5FA1}.Release|Any CPU.Build.0 = Release|Any CPU
		{A6B752B7-26EF-4548-A1D4-1482A62C5FA1}.Release|x64.ActiveCfg = Release|Any CPU
		{A6B752B7-26EF-4548-A1D4-1482A62C5FA1}.Release|x64.Build.0 = Release|Any CPU
		{5D99BB02-BAC5-4739-B174-B0158FBE6314}.Debug|Any CPU.ActiveCfg = Debug|Any CPU
		{5D99BB02-BAC5-4739-B174-B0158FBE6314}.Debug|Any CPU.Build.0 = Debug|Any CPU
		{5D99BB02-BAC5-4739-B174-B0158FBE6314}.Debug|x64.ActiveCfg = Debug|Any CPU
		{5D99BB02-BAC5-4739-B174-B0158FBE6314}.Debug|x64.Build.0 = Debug|Any CPU
		{5D99BB02-BAC5-4739-B174-B0158FBE6314}.Release|Any CPU.ActiveCfg = Release|Any CPU
		{5D99BB02-BAC5-4739-B174-B0158FBE6314}.Release|Any CPU.Build.0 = Release|Any CPU
		{5D99BB02-BAC5-4739-B174-B0158FBE6314}.Release|x64.ActiveCfg = Release|Any CPU
		{5D99BB02-BAC5-4739-B174-B0158FBE6314}.Release|x64.Build.0 = Release|Any CPU
		{0C0CA8EA-1A78-493E-860E-CD771B82F95B}.Debug|Any CPU.ActiveCfg = Debug|Any CPU
		{0C0CA8EA-1A78-493E-860E-CD771B82F95B}.Debug|Any CPU.Build.0 = Debug|Any CPU
		{0C0CA8EA-1A78-493E-860E-CD771B82F95B}.Debug|x64.ActiveCfg = Debug|Any CPU
		{0C0CA8EA-1A78-493E-860E-CD771B82F95B}.Debug|x64.Build.0 = Debug|Any CPU
		{0C0CA8EA-1A78-493E-860E-CD771B82F95B}.Release|Any CPU.ActiveCfg = Release|Any CPU
		{0C0CA8EA-1A78-493E-860E-CD771B82F95B}.Release|Any CPU.Build.0 = Release|Any CPU
		{0C0CA8EA-1A78-493E-860E-CD771B82F95B}.Release|x64.ActiveCfg = Release|Any CPU
		{0C0CA8EA-1A78-493E-860E-CD771B82F95B}.Release|x64.Build.0 = Release|Any CPU
	EndGlobalSection
	GlobalSection(SolutionProperties) = preSolution
		HideSolutionNode = FALSE
	EndGlobalSection
	GlobalSection(ExtensibilityGlobals) = postSolution
		SolutionGuid = {B484492B-CC93-4C38-8543-3C340EC39D4A}
	EndGlobalSection
EndGlobal
